
Microsoft Visual Studio Solution File, Format Version 12.00
# Visual Studio Version 16
VisualStudioVersion = 16.0.30225.117
MinimumVisualStudioVersion = 10.0.40219.1
Project("{9A19103F-16F7-4668-BE54-9A1E7A4F7556}") = "TECAIS.WaterSaga", "TECAIS.WaterSaga\TECAIS.WaterSaga.csproj", "{81802F79-3D7D-46CD-89FF-BAC5451D9CA7}"
EndProject
Project("{E53339B2-1760-4266-BCC7-CA923CBCF16C}") = "docker-compose", "docker-compose.dcproj", "{600EC26E-8B37-4266-9C62-44711AC5D5BB}"
EndProject
Global
	GlobalSection(SolutionConfigurationPlatforms) = preSolution
		Debug|Any CPU = Debug|Any CPU
		Release|Any CPU = Release|Any CPU
	EndGlobalSection
	GlobalSection(ProjectConfigurationPlatforms) = postSolution
		{81802F79-3D7D-46CD-89FF-BAC5451D9CA7}.Debug|Any CPU.ActiveCfg = Debug|Any CPU
		{81802F79-3D7D-46CD-89FF-BAC5451D9CA7}.Debug|Any CPU.Build.0 = Debug|Any CPU
		{81802F79-3D7D-46CD-89FF-BAC5451D9CA7}.Release|Any CPU.ActiveCfg = Release|Any CPU
		{81802F79-3D7D-46CD-89FF-BAC5451D9CA7}.Release|Any CPU.Build.0 = Release|Any CPU
		{600EC26E-8B37-4266-9C62-44711AC5D5BB}.Debug|Any CPU.ActiveCfg = Debug|Any CPU
		{600EC26E-8B37-4266-9C62-44711AC5D5BB}.Debug|Any CPU.Build.0 = Debug|Any CPU
		{600EC26E-8B37-4266-9C62-44711AC5D5BB}.Release|Any CPU.ActiveCfg = Release|Any CPU
		{600EC26E-8B37-4266-9C62-44711AC5D5BB}.Release|Any CPU.Build.0 = Release|Any CPU
	EndGlobalSection
	GlobalSection(SolutionProperties) = preSolution
		HideSolutionNode = FALSE
	EndGlobalSection
	GlobalSection(ExtensibilityGlobals) = postSolution
		SolutionGuid = {961679F5-2012-4240-962D-BD09C2880778}
	EndGlobalSection
EndGlobal
