
Microsoft Visual Studio Solution File, Format Version 12.00
# Visual Studio Version 16
VisualStudioVersion = 16.0.31229.75
MinimumVisualStudioVersion = 10.0.40219.1
Project("{FAE04EC0-301F-11D3-BF4B-00C04F79EFBC}") = "TECAIS.HeatPricingCommandHandler", "TECAIS.HeatPricingCommandHandler\TECAIS.HeatPricingCommandHandler.csproj", "{830DA7FA-750C-4458-B3BC-C77C959BA1E5}"
EndProject
Global
	GlobalSection(SolutionConfigurationPlatforms) = preSolution
		Debug|Any CPU = Debug|Any CPU
		Release|Any CPU = Release|Any CPU
	EndGlobalSection
	GlobalSection(ProjectConfigurationPlatforms) = postSolution
		{830DA7FA-750C-4458-B3BC-C77C959BA1E5}.Debug|Any CPU.ActiveCfg = Debug|Any CPU
		{830DA7FA-750C-4458-B3BC-C77C959BA1E5}.Debug|Any CPU.Build.0 = Debug|Any CPU
		{830DA7FA-750C-4458-B3BC-C77C959BA1E5}.Release|Any CPU.ActiveCfg = Release|Any CPU
		{830DA7FA-750C-4458-B3BC-C77C959BA1E5}.Release|Any CPU.Build.0 = Release|Any CPU
	EndGlobalSection
	GlobalSection(SolutionProperties) = preSolution
		HideSolutionNode = FALSE
	EndGlobalSection
	GlobalSection(ExtensibilityGlobals) = postSolution
		SolutionGuid = {FAAF3AEE-36E3-41E4-9DAD-05434DFD6075}
	EndGlobalSection
EndGlobal
