
Microsoft Visual Studio Solution File, Format Version 12.00
# Visual Studio Version 16
VisualStudioVersion = 16.0.31105.61
MinimumVisualStudioVersion = 10.0.40219.1
Project("{9A19103F-16F7-4668-BE54-9A1E7A4F7556}") = "TECAIS.HeatSaga", "TECAIS.HeatSaga\TECAIS.HeatSaga.csproj", "{8969E2F0-7780-4128-83D2-4976D6A46E1D}"
EndProject
Project("{E53339B2-1760-4266-BCC7-CA923CBCF16C}") = "docker-compose", "docker-compose.dcproj", "{17BEAA9E-916A-4317-8F67-526E62B7307C}"
EndProject
Global
	GlobalSection(SolutionConfigurationPlatforms) = preSolution
		Debug|Any CPU = Debug|Any CPU
		Release|Any CPU = Release|Any CPU
	EndGlobalSection
	GlobalSection(ProjectConfigurationPlatforms) = postSolution
		{8969E2F0-7780-4128-83D2-4976D6A46E1D}.Debug|Any CPU.ActiveCfg = Debug|Any CPU
		{8969E2F0-7780-4128-83D2-4976D6A46E1D}.Debug|Any CPU.Build.0 = Debug|Any CPU
		{8969E2F0-7780-4128-83D2-4976D6A46E1D}.Release|Any CPU.ActiveCfg = Release|Any CPU
		{8969E2F0-7780-4128-83D2-4976D6A46E1D}.Release|Any CPU.Build.0 = Release|Any CPU
		{17BEAA9E-916A-4317-8F67-526E62B7307C}.Debug|Any CPU.ActiveCfg = Debug|Any CPU
		{17BEAA9E-916A-4317-8F67-526E62B7307C}.Debug|Any CPU.Build.0 = Debug|Any CPU
		{17BEAA9E-916A-4317-8F67-526E62B7307C}.Release|Any CPU.ActiveCfg = Release|Any CPU
		{17BEAA9E-916A-4317-8F67-526E62B7307C}.Release|Any CPU.Build.0 = Release|Any CPU
	EndGlobalSection
	GlobalSection(SolutionProperties) = preSolution
		HideSolutionNode = FALSE
	EndGlobalSection
	GlobalSection(ExtensibilityGlobals) = postSolution
		SolutionGuid = {6786C07E-2C90-4A6F-A03F-7FB973FB757A}
	EndGlobalSection
EndGlobal
